<?xml version="1.0" encoding="utf-8"?>
<Project ToolsVersion="4.0" xmlns="http://schemas.microsoft.com/developer/msbuild/2003">
  <ItemGroup>
    <Filter Include="소스 파일">
      <UniqueIdentifier>{4FC737F1-C7A5-4376-A066-2A32D752A2FF}</UniqueIdentifier>
      <Extensions>cpp;c;cc;cxx;c++;cppm;ixx;def;odl;idl;hpj;bat;asm;asmx</Extensions>
    </Filter>
    <Filter Include="리소스 파일">
      <UniqueIdentifier>{67DA6AB6-F800-4c08-8B7A-83BB121AAD01}</UniqueIdentifier>
      <Extensions>rc;ico;cur;bmp;dlg;rc2;rct;bin;rgs;gif;jpg;jpeg;jpe;resx;tiff;tif;png;wav;mfcribbon-ms</Extensions>
    </Filter>
    <Filter Include="소스 파일\Array">
      <UniqueIdentifier>{49cfdd98-9891-4a5a-a3ed-f0a273f650f0}</UniqueIdentifier>
    </Filter>
    <Filter Include="소스 파일\Pointer">
      <UniqueIdentifier>{fb8deb93-361e-4464-b045-b484e411ab97}</UniqueIdentifier>
    </Filter>
    <Filter Include="소스 파일\Practice">
      <UniqueIdentifier>{563e68d9-ab13-45d7-8523-5604e9b2e93b}</UniqueIdentifier>
    </Filter>
    <Filter Include="소스 파일\Practice\Pointer">
      <UniqueIdentifier>{baf7118a-e349-43e3-8a72-6e59072bd5da}</UniqueIdentifier>
    </Filter>
    <Filter Include="소스 파일\Practice\TextRPG">
      <UniqueIdentifier>{4ebb613c-d36c-4da7-b3e8-ee38b228a71b}</UniqueIdentifier>
    </Filter>
    <Filter Include="소스 파일\Practice\String">
      <UniqueIdentifier>{be92648b-cce2-4e8f-a857-472bc8737f04}</UniqueIdentifier>
    </Filter>
    <Filter Include="소스 파일\Practice\Snail">
      <UniqueIdentifier>{accaff12-58d0-45a9-ae43-03e5456ec33a}</UniqueIdentifier>
    </Filter>
    <Filter Include="소스 파일\OOP">
      <UniqueIdentifier>{50a588cc-fd2c-4058-8c60-7530075bdf5c}</UniqueIdentifier>
    </Filter>
    <Filter Include="소스 파일\OperatorOverloading">
      <UniqueIdentifier>{15fe2fd0-c5a3-4a04-a5b5-fbdab932af1e}</UniqueIdentifier>
    </Filter>
    <Filter Include="소스 파일\DynamicMemoryAllocation">
      <UniqueIdentifier>{7deb3550-16a7-43f8-9688-70a04c84114e}</UniqueIdentifier>
    </Filter>
    <Filter Include="소스 파일\TypeCasting">
      <UniqueIdentifier>{37d7744b-7f5e-4156-9299-822736b68d10}</UniqueIdentifier>
    </Filter>
    <Filter Include="소스 파일\ForwardDeclaration">
      <UniqueIdentifier>{351c723e-fe84-43e2-8fa3-5f6cb7be7d08}</UniqueIdentifier>
    </Filter>
    <Filter Include="소스 파일\Function">
      <UniqueIdentifier>{8b512392-567e-4b9e-8adb-258929892804}</UniqueIdentifier>
    </Filter>
    <Filter Include="소스 파일\Function\Functor">
      <UniqueIdentifier>{c50d3b20-9cf6-44ad-81d2-62db0ab6c073}</UniqueIdentifier>
    </Filter>
    <Filter Include="소스 파일\Function\FunctionPointer">
      <UniqueIdentifier>{41c18d00-081c-46cf-9dbf-6106916841e4}</UniqueIdentifier>
    </Filter>
    <Filter Include="소스 파일\Template">
      <UniqueIdentifier>{4241bac8-3909-40c9-856a-0793b5642f7f}</UniqueIdentifier>
    </Filter>
    <Filter Include="소스 파일\STL">
      <UniqueIdentifier>{e290465e-508d-4994-8f15-f37e7dedc2c7}</UniqueIdentifier>
    </Filter>
    <Filter Include="소스 파일\STL\Vector">
      <UniqueIdentifier>{8af68068-05d4-47f1-ba04-c5719f9f9a63}</UniqueIdentifier>
    </Filter>
  </ItemGroup>
  <ItemGroup>
    <ClCompile Include="Array.cpp">
      <Filter>소스 파일\Array</Filter>
    </ClCompile>
    <ClCompile Include="Pointer_1.cpp">
      <Filter>소스 파일\Pointer</Filter>
    </ClCompile>
    <ClCompile Include="Pointer_2.cpp">
      <Filter>소스 파일\Pointer</Filter>
    </ClCompile>
    <ClCompile Include="Pointer_3.cpp">
      <Filter>소스 파일\Pointer</Filter>
    </ClCompile>
    <ClCompile Include="Reference.cpp">
      <Filter>소스 파일\Pointer</Filter>
    </ClCompile>
    <ClCompile Include="ArrayDif.cpp">
      <Filter>소스 파일\Pointer</Filter>
    </ClCompile>
    <ClCompile Include="RandomNumberMaker.cpp">
      <Filter>소스 파일\Practice\Pointer</Filter>
    </ClCompile>
    <ClCompile Include="DoublePointer.cpp">
      <Filter>소스 파일\Pointer</Filter>
    </ClCompile>
    <ClCompile Include="MultiDimensionalArray.cpp">
      <Filter>소스 파일\Array</Filter>
    </ClCompile>
    <ClCompile Include="FinalPointer.cpp">
      <Filter>소스 파일\Pointer</Filter>
    </ClCompile>
    <ClCompile Include="TextRPG.cpp">
      <Filter>소스 파일\Practice\TextRPG</Filter>
    </ClCompile>
    <ClCompile Include="StringPractice_1.cpp">
      <Filter>소스 파일\Practice\String</Filter>
    </ClCompile>
    <ClCompile Include="SnailProblem.cpp">
      <Filter>소스 파일\Practice\Snail</Filter>
    </ClCompile>
    <ClCompile Include="Constructor.cpp">
      <Filter>소스 파일\OOP</Filter>
    </ClCompile>
    <ClCompile Include="Inheritance.cpp">
      <Filter>소스 파일\OOP</Filter>
    </ClCompile>
    <ClCompile Include="Encapsulation.cpp">
      <Filter>소스 파일\OOP</Filter>
    </ClCompile>
    <ClCompile Include="Polymorphism.cpp">
      <Filter>소스 파일\OOP</Filter>
    </ClCompile>
    <ClCompile Include="MemberIntialize.cpp">
      <Filter>소스 파일\OOP</Filter>
    </ClCompile>
    <ClCompile Include="OperatorOverloading.cpp">
      <Filter>소스 파일\OperatorOverloading</Filter>
    </ClCompile>
    <ClCompile Include="Struct&amp;Class.cpp">
      <Filter>소스 파일\OOP</Filter>
    </ClCompile>
    <ClCompile Include="DMA_1.cpp">
      <Filter>소스 파일\DynamicMemoryAllocation</Filter>
    </ClCompile>
    <ClCompile Include="TypeCasting.cpp">
      <Filter>소스 파일\TypeCasting</Filter>
    </ClCompile>
    <ClCompile Include="PointerTypeCasting.cpp">
      <Filter>소스 파일\TypeCasting</Filter>
    </ClCompile>
    <ClCompile Include="Copy.cpp">
      <Filter>소스 파일\DynamicMemoryAllocation</Filter>
    </ClCompile>
    <ClCompile Include="Casting.cpp">
      <Filter>소스 파일\TypeCasting</Filter>
    </ClCompile>
    <ClCompile Include="ForwardDeclaration.cpp">
      <Filter>소스 파일\ForwardDeclaration</Filter>
    </ClCompile>
    <ClCompile Include="FunctionPointer.cpp">
      <Filter>소스 파일\Function\FunctionPointer</Filter>
    </ClCompile>
    <ClCompile Include="FunctionPointer2.cpp">
      <Filter>소스 파일\Function\FunctionPointer</Filter>
    </ClCompile>
    <ClCompile Include="Functor.cpp">
      <Filter>소스 파일\Function\Functor</Filter>
    </ClCompile>
    <ClCompile Include="FunctionTemplate.cpp">
      <Filter>소스 파일\Template</Filter>
    </ClCompile>
    <ClCompile Include="ClassTemplate.cpp">
      <Filter>소스 파일\Template</Filter>
    </ClCompile>
    <ClCompile Include="CallBackFunction.cpp">
      <Filter>소스 파일\Function\Functor</Filter>
    </ClCompile>
    <ClCompile Include="Vector.cpp">
      <Filter>소스 파일\STL\Vector</Filter>
    </ClCompile>
  </ItemGroup>
</Project>